
Microsoft Visual Studio Solution File, Format Version 12.00
# Visual Studio 15
VisualStudioVersion = 15.0.28307.757
MinimumVisualStudioVersion = 10.0.40219.1
Project("{FAE04EC0-301F-11D3-BF4B-00C04F79EFBC}") = "TagHelperDemo", "TagHelperDemo\TagHelperDemo.csproj", "{5BE89CDC-DD89-4E67-835E-572379DA0CF0}"
EndProject
Global
	GlobalSection(SolutionConfigurationPlatforms) = preSolution
		Debug|Any CPU = Debug|Any CPU
		Release|Any CPU = Release|Any CPU
	EndGlobalSection
	GlobalSection(ProjectConfigurationPlatforms) = postSolution
		{5BE89CDC-DD89-4E67-835E-572379DA0CF0}.Debug|Any CPU.ActiveCfg = Debug|Any CPU
		{5BE89CDC-DD89-4E67-835E-572379DA0CF0}.Debug|Any CPU.Build.0 = Debug|Any CPU
		{5BE89CDC-DD89-4E67-835E-572379DA0CF0}.Release|Any CPU.ActiveCfg = Release|Any CPU
		{5BE89CDC-DD89-4E67-835E-572379DA0CF0}.Release|Any CPU.Build.0 = Release|Any CPU
	EndGlobalSection
	GlobalSection(SolutionProperties) = preSolution
		HideSolutionNode = FALSE
	EndGlobalSection
	GlobalSection(ExtensibilityGlobals) = postSolution
		SolutionGuid = {98B5BA2F-B486-4511-8CF1-786184B7CA0C}
	EndGlobalSection
EndGlobal
