
Microsoft Visual Studio Solution File, Format Version 12.00
# Visual Studio 15
VisualStudioVersion = 15.0.28307.757
MinimumVisualStudioVersion = 10.0.40219.1
Project("{FAE04EC0-301F-11D3-BF4B-00C04F79EFBC}") = "SampleVsFunctionApp", "SampleVsFunctionApp\SampleVsFunctionApp.csproj", "{4C6803CF-7326-4AAD-9B59-5E7F0460030C}"
EndProject
Global
	GlobalSection(SolutionConfigurationPlatforms) = preSolution
		Debug|Any CPU = Debug|Any CPU
		Release|Any CPU = Release|Any CPU
	EndGlobalSection
	GlobalSection(ProjectConfigurationPlatforms) = postSolution
		{4C6803CF-7326-4AAD-9B59-5E7F0460030C}.Debug|Any CPU.ActiveCfg = Debug|Any CPU
		{4C6803CF-7326-4AAD-9B59-5E7F0460030C}.Debug|Any CPU.Build.0 = Debug|Any CPU
		{4C6803CF-7326-4AAD-9B59-5E7F0460030C}.Release|Any CPU.ActiveCfg = Release|Any CPU
		{4C6803CF-7326-4AAD-9B59-5E7F0460030C}.Release|Any CPU.Build.0 = Release|Any CPU
	EndGlobalSection
	GlobalSection(SolutionProperties) = preSolution
		HideSolutionNode = FALSE
	EndGlobalSection
	GlobalSection(ExtensibilityGlobals) = postSolution
		SolutionGuid = {180C5DA4-D715-4C73-B7D5-F04E92BC05D3}
	EndGlobalSection
EndGlobal
